github.com/jplein/tmux v0.1.0 h1:DYM83vwFMZNE+GMsK0tAgdzR67Au4ZXSrNcX1WnWmNA=
github.com/jplein/tmux v0.1.0/go.mod h1:OJCaJB3hNuyt888w2I55kCdipRYbGdyv4Wlf5rwThpI=
github.com/jplein/tmux v0.1.3 h1:ztN5nujrKp+G+0a8beOjDf4hDBOuKnEzgl1seW2gNfA=
github.com/jplein/tmux v0.1.3/go.mod h1:OJCaJB3hNuyt888w2I55kCdipRYbGdyv4Wlf5rwThpI=
github.com/jplein/tmux v0.1.4-dev h1:1t+gsvLKoxbPGw/7+BXEaCUCrsZMtMCE+z+KgXAc7j8=
github.com/jplein/tmux v0.1.4-dev/go.mod h1:OJCaJB3hNuyt888w2I55kCdipRYbGdyv4Wlf5rwThpI=
github.com/jplein/tmux v0.1.4 h1:eo1MGR96UlKut2i9YjNCy7xUTW7Arw+TG4B4WoqHR+w=
github.com/jplein/tmux v0.1.4/go.mod h1:OJCaJB3hNuyt888w2I55kCdipRYbGdyv4Wlf5rwThpI=
github.com/jplein/tmux v0.1.5-beta h1:ajKgttzelJlF7OFWlbeUY2D/5DIjGAmIPhfTCwXsrNc=
github.com/jplein/tmux v0.1.5-beta/go.mod h1:OJCaJB3hNuyt888w2I55kCdipRYbGdyv4Wlf5rwThpI=
github.com/jplein/tmux v0.1.5-beta2 h1:4vuiyjoeGY/hvclcHv+9+Ywyu5k/7jQDYI/WTxFSejQ=
github.com/jplein/tmux v0.1.5-beta2/go.mod h1:OJCaJB3hNuyt888w2I55kCdipRYbGdyv4Wlf5rwThpI=
github.com/jplein/tmux v0.1.5-beta3 h1:pY+BYCRUF8Ry8Ha5JLrkkdlDrZ4g8fCBvGRfHCsHRUg=
github.com/jplein/tmux v0.1.5-beta3/go.mod h1:OJCaJB3hNuyt888w2I55kCdipRYbGdyv4Wlf5rwThpI=
github.com/jplein/tmux v0.1.5 h1:zOAZ4p01NwoPOpwZY6hxoSrTnD5omnFG6zX3n9kg5W0=
github.com/jplein/tmux v0.1.5/go.mod h1:OJCaJB3hNuyt888w2I55kCdipRYbGdyv4Wlf5rwThpI=
github.com/jplein/tmux v0.1.6-beta h1:wi1LCRrkJiRJj2Qe6PNzm9MRx7TnhCkD9nLYFcgJx6Y=
github.com/jplein/tmux v0.1.6-beta/go.mod h1:OJCaJB3hNuyt888w2I55kCdipRYbGdyv4Wlf5rwThpI=
gopkg.in/check.v1 v0.0.0-20161208181325-20d25e280405/go.mod h1:Co6ibVJAznAaIkqp8huTwlJQCZ016jof/cbN4VW5Yz0=
gopkg.in/yaml.v3 v3.0.1 h1:fxVm/GzAzEWqLHuvctI91KS9hhNmmWOoWu0XTYJS7CA=
gopkg.in/yaml.v3 v3.0.1/go.mod h1:K4uyk7z7BCEPqu6E+C64Yfv1cQ7kz7rIZviUmN+EgEM=
